// !$*UTF8*$!
{
	archiveVersion = 1;
	classes = {
	};
	objectVersion = 46;
	objects = {

/* Begin PBXBuildFile section */
		0428F4F5203A3AFF009E0E5C /* AddMemoryVC.swift in Sources */ = {isa = PBXBuildFile; fileRef = 0428F4F4203A3AFF009E0E5C /* AddMemoryVC.swift */; };
		042B5F53203C1B2800139276 /* ChatViewController.swift in Sources */ = {isa = PBXBuildFile; fileRef = 042B5F51203C1B2700139276 /* ChatViewController.swift */; };
		042B5F54203C1B2800139276 /* ConversationsVC.swift in Sources */ = {isa = PBXBuildFile; fileRef = 042B5F52203C1B2700139276 /* ConversationsVC.swift */; };
		042B5F57203C1D4800139276 /* Channel.swift in Sources */ = {isa = PBXBuildFile; fileRef = 042B5F56203C1D4800139276 /* Channel.swift */; };
		042B5F59203C1DA500139276 /* User.swift in Sources */ = {isa = PBXBuildFile; fileRef = 042B5F58203C1DA500139276 /* User.swift */; };
		042B5F5B203C1DE700139276 /* ReservationCell.swift in Sources */ = {isa = PBXBuildFile; fileRef = 042B5F5A203C1DE700139276 /* ReservationCell.swift */; };
		042B5F5D203C3BED00139276 /* RemindersMapVC.swift in Sources */ = {isa = PBXBuildFile; fileRef = 042B5F5C203C3BED00139276 /* RemindersMapVC.swift */; };
		042B5F5F203C3C8E00139276 /* Geotification.swift in Sources */ = {isa = PBXBuildFile; fileRef = 042B5F5E203C3C8E00139276 /* Geotification.swift */; };
		042B5F61203C3CD700139276 /* AddGeotificationViewController.swift in Sources */ = {isa = PBXBuildFile; fileRef = 042B5F60203C3CD700139276 /* AddGeotificationViewController.swift */; };
		042B5F63203C3F1700139276 /* TestLocations.gpx in Resources */ = {isa = PBXBuildFile; fileRef = 042B5F62203C3F1700139276 /* TestLocations.gpx */; };
		042B5F66203C4AE700139276 /* BrowseUsersVC.swift in Sources */ = {isa = PBXBuildFile; fileRef = 042B5F65203C4AE700139276 /* BrowseUsersVC.swift */; };
		042B5F68203C5BD700139276 /* GeoMessagesVC.swift in Sources */ = {isa = PBXBuildFile; fileRef = 042B5F67203C5BD700139276 /* GeoMessagesVC.swift */; };
		04DDEBEF2030734A006E636F /* MemoriesVC.swift in Sources */ = {isa = PBXBuildFile; fileRef = 04DDEBED2030734A006E636F /* MemoriesVC.swift */; };
		04DDEBF2203073C7006E636F /* Memories.storyboard in Resources */ = {isa = PBXBuildFile; fileRef = 04DDEBF1203073C7006E636F /* Memories.storyboard */; };
		04DDEBF4203074CB006E636F /* SearchFooter.swift in Sources */ = {isa = PBXBuildFile; fileRef = 04DDEBF3203074CB006E636F /* SearchFooter.swift */; };
		04DDEBF620307529006E636F /* BaseViewController.swift in Sources */ = {isa = PBXBuildFile; fileRef = 04DDEBF520307528006E636F /* BaseViewController.swift */; };
		04DDEBF920307554006E636F /* ConnectionErrorView.swift in Sources */ = {isa = PBXBuildFile; fileRef = 04DDEBF720307554006E636F /* ConnectionErrorView.swift */; };
		04DDEBFA20307554006E636F /* ConnectionErrorView.xib in Resources */ = {isa = PBXBuildFile; fileRef = 04DDEBF820307554006E636F /* ConnectionErrorView.xib */; };
		04DDEBFE2030761A006E636F /* Extensions.swift in Sources */ = {isa = PBXBuildFile; fileRef = 04DDEBFD2030761A006E636F /* Extensions.swift */; };
		04DDEC0020307B52006E636F /* MemoryCell.swift in Sources */ = {isa = PBXBuildFile; fileRef = 04DDEBFF20307B52006E636F /* MemoryCell.swift */; };
		04DDEC062030993C006E636F /* GoogleService-Info.plist in Resources */ = {isa = PBXBuildFile; fileRef = 04DDEC052030993C006E636F /* GoogleService-Info.plist */; };
		04DDEC0920309F0B006E636F /* Memory.swift in Sources */ = {isa = PBXBuildFile; fileRef = 04DDEC0820309F0B006E636F /* Memory.swift */; };
		04DDEC0B20309F24006E636F /* BaseModel.swift in Sources */ = {isa = PBXBuildFile; fileRef = 04DDEC0A20309F24006E636F /* BaseModel.swift */; };
		72FAF6FDBD6DA6A6EA1A3F7A /* Pods_Heuristics.framework in Frameworks */ = {isa = PBXBuildFile; fileRef = 67A23BE1A968E36342654F4B /* Pods_Heuristics.framework */; };
		7C3ECCE81ED95CA43A2E0BEB /* Pods_HeuristicsUITests.framework in Frameworks */ = {isa = PBXBuildFile; fileRef = DC6FE3E78468BF536B1A6407 /* Pods_HeuristicsUITests.framework */; };
		D694955769257AF17DCA96F3 /* Pods_HeuristicsTests.framework in Frameworks */ = {isa = PBXBuildFile; fileRef = 9A5D693D25A68F082BC0FB6E /* Pods_HeuristicsTests.framework */; };
		E05F8262202FB6470090CC91 /* FollowViewController.swift in Sources */ = {isa = PBXBuildFile; fileRef = E05F8260202FB6470090CC91 /* FollowViewController.swift */; };
		E05F8263202FB6480090CC91 /* FollowViewController.xib in Resources */ = {isa = PBXBuildFile; fileRef = E05F8261202FB6470090CC91 /* FollowViewController.xib */; };
		E05F8266202FB6630090CC91 /* ProfileViewController.swift in Sources */ = {isa = PBXBuildFile; fileRef = E05F8264202FB6630090CC91 /* ProfileViewController.swift */; };
		E05F8267202FB6630090CC91 /* ProfileViewController.xib in Resources */ = {isa = PBXBuildFile; fileRef = E05F8265202FB6630090CC91 /* ProfileViewController.xib */; };
		E05F826A203041460090CC91 /* FollowTableViewCell.swift in Sources */ = {isa = PBXBuildFile; fileRef = E05F8268203041460090CC91 /* FollowTableViewCell.swift */; };
		E05F826B203041460090CC91 /* FollowTableViewCell.xib in Resources */ = {isa = PBXBuildFile; fileRef = E05F8269203041460090CC91 /* FollowTableViewCell.xib */; };
		E05F826F203052190090CC91 /* EditProfileViewController.swift in Sources */ = {isa = PBXBuildFile; fileRef = E05F826D203052190090CC91 /* EditProfileViewController.swift */; };
		E05F8270203052190090CC91 /* EditProfileViewController.xib in Resources */ = {isa = PBXBuildFile; fileRef = E05F826E203052190090CC91 /* EditProfileViewController.xib */; };
		E05F8275203069370090CC91 /* MenuViewController.swift in Sources */ = {isa = PBXBuildFile; fileRef = E05F8273203069370090CC91 /* MenuViewController.swift */; };
		E05F8276203069370090CC91 /* MenuViewController.xib in Resources */ = {isa = PBXBuildFile; fileRef = E05F8274203069370090CC91 /* MenuViewController.xib */; };
		E0B8A190202B8448005322E8 /* AppDelegate.swift in Sources */ = {isa = PBXBuildFile; fileRef = E0B8A18F202B8448005322E8 /* AppDelegate.swift */; };
		E0B8A195202B8448005322E8 /* Main.storyboard in Resources */ = {isa = PBXBuildFile; fileRef = E0B8A193202B8448005322E8 /* Main.storyboard */; };
		E0B8A197202B8448005322E8 /* Assets.xcassets in Resources */ = {isa = PBXBuildFile; fileRef = E0B8A196202B8448005322E8 /* Assets.xcassets */; };
		E0B8A19A202B8448005322E8 /* LaunchScreen.storyboard in Resources */ = {isa = PBXBuildFile; fileRef = E0B8A198202B8448005322E8 /* LaunchScreen.storyboard */; };
		E0B8A1A5202B8449005322E8 /* HeuristicsTests.swift in Sources */ = {isa = PBXBuildFile; fileRef = E0B8A1A4202B8449005322E8 /* HeuristicsTests.swift */; };
		E0B8A1B0202B8449005322E8 /* HeuristicsUITests.swift in Sources */ = {isa = PBXBuildFile; fileRef = E0B8A1AF202B8449005322E8 /* HeuristicsUITests.swift */; };
		E0B8A1C1202B8A05005322E8 /* Utilities.swift in Sources */ = {isa = PBXBuildFile; fileRef = E0B8A1C0202B8A05005322E8 /* Utilities.swift */; };
		E0B8A1C6202B8A7C005322E8 /* Gate.storyboard in Resources */ = {isa = PBXBuildFile; fileRef = E0B8A1C5202B8A7C005322E8 /* Gate.storyboard */; };
		E0B8A1DA202B9654005322E8 /* Montserrat-LightItalic.ttf in Resources */ = {isa = PBXBuildFile; fileRef = E0B8A1C8202B9653005322E8 /* Montserrat-LightItalic.ttf */; };
		E0B8A1DB202B9654005322E8 /* Montserrat-Medium.ttf in Resources */ = {isa = PBXBuildFile; fileRef = E0B8A1C9202B9653005322E8 /* Montserrat-Medium.ttf */; };
		E0B8A1DC202B9654005322E8 /* Montserrat-BoldItalic.ttf in Resources */ = {isa = PBXBuildFile; fileRef = E0B8A1CA202B9653005322E8 /* Montserrat-BoldItalic.ttf */; };
		E0B8A1DD202B9654005322E8 /* Montserrat-Light.ttf in Resources */ = {isa = PBXBuildFile; fileRef = E0B8A1CB202B9653005322E8 /* Montserrat-Light.ttf */; };
		E0B8A1DE202B9654005322E8 /* Montserrat-ThinItalic.ttf in Resources */ = {isa = PBXBuildFile; fileRef = E0B8A1CC202B9653005322E8 /* Montserrat-ThinItalic.ttf */; };
		E0B8A1DF202B9654005322E8 /* Montserrat-ExtraLight.ttf in Resources */ = {isa = PBXBuildFile; fileRef = E0B8A1CD202B9653005322E8 /* Montserrat-ExtraLight.ttf */; };
		E0B8A1E0202B9654005322E8 /* Montserrat-Thin.ttf in Resources */ = {isa = PBXBuildFile; fileRef = E0B8A1CE202B9653005322E8 /* Montserrat-Thin.ttf */; };
		E0B8A1E1202B9654005322E8 /* Montserrat-Bold.ttf in Resources */ = {isa = PBXBuildFile; fileRef = E0B8A1CF202B9654005322E8 /* Montserrat-Bold.ttf */; };
		E0B8A1E2202B9654005322E8 /* Montserrat-MediumItalic.ttf in Resources */ = {isa = PBXBuildFile; fileRef = E0B8A1D0202B9654005322E8 /* Montserrat-MediumItalic.ttf */; };
		E0B8A1E3202B9654005322E8 /* Montserrat-BlackItalic.ttf in Resources */ = {isa = PBXBuildFile; fileRef = E0B8A1D1202B9654005322E8 /* Montserrat-BlackItalic.ttf */; };
		E0B8A1E4202B9654005322E8 /* Montserrat-SemiBold.ttf in Resources */ = {isa = PBXBuildFile; fileRef = E0B8A1D2202B9654005322E8 /* Montserrat-SemiBold.ttf */; };
		E0B8A1E5202B9654005322E8 /* Montserrat-ExtraLightItalic.ttf in Resources */ = {isa = PBXBuildFile; fileRef = E0B8A1D3202B9654005322E8 /* Montserrat-ExtraLightItalic.ttf */; };
		E0B8A1E6202B9654005322E8 /* Montserrat-ExtraBold.ttf in Resources */ = {isa = PBXBuildFile; fileRef = E0B8A1D4202B9654005322E8 /* Montserrat-ExtraBold.ttf */; };
		E0B8A1E7202B9654005322E8 /* Montserrat-Black.ttf in Resources */ = {isa = PBXBuildFile; fileRef = E0B8A1D5202B9654005322E8 /* Montserrat-Black.ttf */; };
		E0B8A1E8202B9654005322E8 /* Montserrat-Regular.ttf in Resources */ = {isa = PBXBuildFile; fileRef = E0B8A1D6202B9654005322E8 /* Montserrat-Regular.ttf */; };
		E0B8A1E9202B9654005322E8 /* Montserrat-Italic.ttf in Resources */ = {isa = PBXBuildFile; fileRef = E0B8A1D7202B9654005322E8 /* Montserrat-Italic.ttf */; };
		E0B8A1EA202B9654005322E8 /* Montserrat-SemiBoldItalic.ttf in Resources */ = {isa = PBXBuildFile; fileRef = E0B8A1D8202B9654005322E8 /* Montserrat-SemiBoldItalic.ttf */; };
		E0B8A1EB202B9654005322E8 /* Montserrat-ExtraBoldItalic.ttf in Resources */ = {isa = PBXBuildFile; fileRef = E0B8A1D9202B9654005322E8 /* Montserrat-ExtraBoldItalic.ttf */; };
		E0B8A1EF202B976E005322E8 /* UIColor.swift in Sources */ = {isa = PBXBuildFile; fileRef = E0B8A1EE202B976E005322E8 /* UIColor.swift */; };
		E0B8A1F2202BA1DE005322E8 /* GradientBackground.swift in Sources */ = {isa = PBXBuildFile; fileRef = E0B8A1F1202BA1DE005322E8 /* GradientBackground.swift */; };
		E0B8A1F4202BA5DF005322E8 /* DesignableViews.swift in Sources */ = {isa = PBXBuildFile; fileRef = E0B8A1F3202BA5DF005322E8 /* DesignableViews.swift */; };
		E0B8A1F6202BACB3005322E8 /* LandingViewController.swift in Sources */ = {isa = PBXBuildFile; fileRef = E0B8A1F5202BACB3005322E8 /* LandingViewController.swift */; };
		E0B8A1F8202BD0F8005322E8 /* SigninViewController.swift in Sources */ = {isa = PBXBuildFile; fileRef = E0B8A1F7202BD0F8005322E8 /* SigninViewController.swift */; };
		E0B8A1FA202BD111005322E8 /* SignupViewController.swift in Sources */ = {isa = PBXBuildFile; fileRef = E0B8A1F9202BD110005322E8 /* SignupViewController.swift */; };
		E0B8A1FE202BD326005322E8 /* HomeViewController.swift in Sources */ = {isa = PBXBuildFile; fileRef = E0B8A1FC202BD326005322E8 /* HomeViewController.swift */; };
		E0B8A1FF202BD326005322E8 /* HomeViewController.xib in Resources */ = {isa = PBXBuildFile; fileRef = E0B8A1FD202BD326005322E8 /* HomeViewController.xib */; };
/* End PBXBuildFile section */

/* Begin PBXContainerItemProxy section */
		E0B8A1A1202B8449005322E8 /* PBXContainerItemProxy */ = {
			isa = PBXContainerItemProxy;
			containerPortal = E0B8A184202B8448005322E8 /* Project object */;
			proxyType = 1;
			remoteGlobalIDString = E0B8A18B202B8448005322E8;
			remoteInfo = Heuristics;
		};
		E0B8A1AC202B8449005322E8 /* PBXContainerItemProxy */ = {
			isa = PBXContainerItemProxy;
			containerPortal = E0B8A184202B8448005322E8 /* Project object */;
			proxyType = 1;
			remoteGlobalIDString = E0B8A18B202B8448005322E8;
			remoteInfo = Heuristics;
		};
/* End PBXContainerItemProxy section */

/* Begin PBXFileReference section */
		0198802B353CD5EC1E08B7E3 /* Pods-HeuristicsUITests.release.xcconfig */ = {isa = PBXFileReference; includeInIndex = 1; lastKnownFileType = text.xcconfig; name = "Pods-HeuristicsUITests.release.xcconfig"; path = "Pods/Target Support Files/Pods-HeuristicsUITests/Pods-HeuristicsUITests.release.xcconfig"; sourceTree = "<group>"; };
		0428F4F4203A3AFF009E0E5C /* AddMemoryVC.swift */ = {isa = PBXFileReference; lastKnownFileType = sourcecode.swift; path = AddMemoryVC.swift; sourceTree = "<group>"; };
		042B5F51203C1B2700139276 /* ChatViewController.swift */ = {isa = PBXFileReference; fileEncoding = 4; lastKnownFileType = sourcecode.swift; path = ChatViewController.swift; sourceTree = "<group>"; };
		042B5F52203C1B2700139276 /* ConversationsVC.swift */ = {isa = PBXFileReference; fileEncoding = 4; lastKnownFileType = sourcecode.swift; path = ConversationsVC.swift; sourceTree = "<group>"; };
		042B5F56203C1D4800139276 /* Channel.swift */ = {isa = PBXFileReference; fileEncoding = 4; lastKnownFileType = sourcecode.swift; path = Channel.swift; sourceTree = "<group>"; };
		042B5F58203C1DA500139276 /* User.swift */ = {isa = PBXFileReference; fileEncoding = 4; lastKnownFileType = sourcecode.swift; path = User.swift; sourceTree = "<group>"; };
		042B5F5A203C1DE700139276 /* ReservationCell.swift */ = {isa = PBXFileReference; fileEncoding = 4; lastKnownFileType = sourcecode.swift; path = ReservationCell.swift; sourceTree = "<group>"; };
		042B5F5C203C3BED00139276 /* RemindersMapVC.swift */ = {isa = PBXFileReference; lastKnownFileType = sourcecode.swift; path = RemindersMapVC.swift; sourceTree = "<group>"; };
		042B5F5E203C3C8E00139276 /* Geotification.swift */ = {isa = PBXFileReference; fileEncoding = 4; lastKnownFileType = sourcecode.swift; path = Geotification.swift; sourceTree = "<group>"; };
		042B5F60203C3CD700139276 /* AddGeotificationViewController.swift */ = {isa = PBXFileReference; fileEncoding = 4; lastKnownFileType = sourcecode.swift; path = AddGeotificationViewController.swift; sourceTree = "<group>"; };
		042B5F62203C3F1700139276 /* TestLocations.gpx */ = {isa = PBXFileReference; fileEncoding = 4; lastKnownFileType = text.xml; path = TestLocations.gpx; sourceTree = "<group>"; };
		042B5F65203C4AE700139276 /* BrowseUsersVC.swift */ = {isa = PBXFileReference; lastKnownFileType = sourcecode.swift; path = BrowseUsersVC.swift; sourceTree = "<group>"; };
		042B5F67203C5BD700139276 /* GeoMessagesVC.swift */ = {isa = PBXFileReference; lastKnownFileType = sourcecode.swift; path = GeoMessagesVC.swift; sourceTree = "<group>"; };
		04DDEBED2030734A006E636F /* MemoriesVC.swift */ = {isa = PBXFileReference; lastKnownFileType = sourcecode.swift; path = MemoriesVC.swift; sourceTree = "<group>"; };
		04DDEBF1203073C7006E636F /* Memories.storyboard */ = {isa = PBXFileReference; lastKnownFileType = file.storyboard; path = Memories.storyboard; sourceTree = "<group>"; };
		04DDEBF3203074CB006E636F /* SearchFooter.swift */ = {isa = PBXFileReference; fileEncoding = 4; lastKnownFileType = sourcecode.swift; path = SearchFooter.swift; sourceTree = "<group>"; };
		04DDEBF520307528006E636F /* BaseViewController.swift */ = {isa = PBXFileReference; fileEncoding = 4; lastKnownFileType = sourcecode.swift; path = BaseViewController.swift; sourceTree = "<group>"; };
		04DDEBF720307554006E636F /* ConnectionErrorView.swift */ = {isa = PBXFileReference; fileEncoding = 4; lastKnownFileType = sourcecode.swift; path = ConnectionErrorView.swift; sourceTree = "<group>"; };
		04DDEBF820307554006E636F /* ConnectionErrorView.xib */ = {isa = PBXFileReference; fileEncoding = 4; lastKnownFileType = file.xib; path = ConnectionErrorView.xib; sourceTree = "<group>"; };
		04DDEBFD2030761A006E636F /* Extensions.swift */ = {isa = PBXFileReference; fileEncoding = 4; lastKnownFileType = sourcecode.swift; path = Extensions.swift; sourceTree = "<group>"; };
		04DDEBFF20307B52006E636F /* MemoryCell.swift */ = {isa = PBXFileReference; lastKnownFileType = sourcecode.swift; path = MemoryCell.swift; sourceTree = "<group>"; };
		04DDEC052030993C006E636F /* GoogleService-Info.plist */ = {isa = PBXFileReference; fileEncoding = 4; lastKnownFileType = text.plist.xml; path = "GoogleService-Info.plist"; sourceTree = "<group>"; };
		04DDEC0820309F0B006E636F /* Memory.swift */ = {isa = PBXFileReference; lastKnownFileType = sourcecode.swift; path = Memory.swift; sourceTree = "<group>"; };
		04DDEC0A20309F24006E636F /* BaseModel.swift */ = {isa = PBXFileReference; fileEncoding = 4; lastKnownFileType = sourcecode.swift; path = BaseModel.swift; sourceTree = "<group>"; };
		40531D7DC9D04968C5DA977D /* Pods-Heuristics.debug.xcconfig */ = {isa = PBXFileReference; includeInIndex = 1; lastKnownFileType = text.xcconfig; name = "Pods-Heuristics.debug.xcconfig"; path = "Pods/Target Support Files/Pods-Heuristics/Pods-Heuristics.debug.xcconfig"; sourceTree = "<group>"; };
		451CFD06B8034CC7EABA4174 /* Pods-HeuristicsUITests.debug.xcconfig */ = {isa = PBXFileReference; includeInIndex = 1; lastKnownFileType = text.xcconfig; name = "Pods-HeuristicsUITests.debug.xcconfig"; path = "Pods/Target Support Files/Pods-HeuristicsUITests/Pods-HeuristicsUITests.debug.xcconfig"; sourceTree = "<group>"; };
		67A23BE1A968E36342654F4B /* Pods_Heuristics.framework */ = {isa = PBXFileReference; explicitFileType = wrapper.framework; includeInIndex = 0; path = Pods_Heuristics.framework; sourceTree = BUILT_PRODUCTS_DIR; };
		6C73CC4A1D9F972EE8623ACD /* Pods-HeuristicsTests.release.xcconfig */ = {isa = PBXFileReference; includeInIndex = 1; lastKnownFileType = text.xcconfig; name = "Pods-HeuristicsTests.release.xcconfig"; path = "Pods/Target Support Files/Pods-HeuristicsTests/Pods-HeuristicsTests.release.xcconfig"; sourceTree = "<group>"; };
		85FB98D918C8A76E2166DD27 /* Pods-HeuristicsTests.debug.xcconfig */ = {isa = PBXFileReference; includeInIndex = 1; lastKnownFileType = text.xcconfig; name = "Pods-HeuristicsTests.debug.xcconfig"; path = "Pods/Target Support Files/Pods-HeuristicsTests/Pods-HeuristicsTests.debug.xcconfig"; sourceTree = "<group>"; };
		9A5D693D25A68F082BC0FB6E /* Pods_HeuristicsTests.framework */ = {isa = PBXFileReference; explicitFileType = wrapper.framework; includeInIndex = 0; path = Pods_HeuristicsTests.framework; sourceTree = BUILT_PRODUCTS_DIR; };
		DC6FE3E78468BF536B1A6407 /* Pods_HeuristicsUITests.framework */ = {isa = PBXFileReference; explicitFileType = wrapper.framework; includeInIndex = 0; path = Pods_HeuristicsUITests.framework; sourceTree = BUILT_PRODUCTS_DIR; };
		E05F8260202FB6470090CC91 /* FollowViewController.swift */ = {isa = PBXFileReference; fileEncoding = 4; lastKnownFileType = sourcecode.swift; path = FollowViewController.swift; sourceTree = "<group>"; };
		E05F8261202FB6470090CC91 /* FollowViewController.xib */ = {isa = PBXFileReference; fileEncoding = 4; lastKnownFileType = file.xib; path = FollowViewController.xib; sourceTree = "<group>"; };
		E05F8264202FB6630090CC91 /* ProfileViewController.swift */ = {isa = PBXFileReference; fileEncoding = 4; lastKnownFileType = sourcecode.swift; path = ProfileViewController.swift; sourceTree = "<group>"; };
		E05F8265202FB6630090CC91 /* ProfileViewController.xib */ = {isa = PBXFileReference; fileEncoding = 4; lastKnownFileType = file.xib; path = ProfileViewController.xib; sourceTree = "<group>"; };
		E05F8268203041460090CC91 /* FollowTableViewCell.swift */ = {isa = PBXFileReference; fileEncoding = 4; lastKnownFileType = sourcecode.swift; path = FollowTableViewCell.swift; sourceTree = "<group>"; };
		E05F8269203041460090CC91 /* FollowTableViewCell.xib */ = {isa = PBXFileReference; fileEncoding = 4; lastKnownFileType = file.xib; path = FollowTableViewCell.xib; sourceTree = "<group>"; };
		E05F826D203052190090CC91 /* EditProfileViewController.swift */ = {isa = PBXFileReference; fileEncoding = 4; lastKnownFileType = sourcecode.swift; path = EditProfileViewController.swift; sourceTree = "<group>"; };
		E05F826E203052190090CC91 /* EditProfileViewController.xib */ = {isa = PBXFileReference; fileEncoding = 4; lastKnownFileType = file.xib; path = EditProfileViewController.xib; sourceTree = "<group>"; };
		E05F8273203069370090CC91 /* MenuViewController.swift */ = {isa = PBXFileReference; fileEncoding = 4; lastKnownFileType = sourcecode.swift; path = MenuViewController.swift; sourceTree = "<group>"; };
		E05F8274203069370090CC91 /* MenuViewController.xib */ = {isa = PBXFileReference; fileEncoding = 4; lastKnownFileType = file.xib; path = MenuViewController.xib; sourceTree = "<group>"; };
		E0B8A18C202B8448005322E8 /* Heuristics.app */ = {isa = PBXFileReference; explicitFileType = wrapper.application; includeInIndex = 0; path = Heuristics.app; sourceTree = BUILT_PRODUCTS_DIR; };
		E0B8A18F202B8448005322E8 /* AppDelegate.swift */ = {isa = PBXFileReference; lastKnownFileType = sourcecode.swift; path = AppDelegate.swift; sourceTree = "<group>"; };
		E0B8A194202B8448005322E8 /* Base */ = {isa = PBXFileReference; lastKnownFileType = file.storyboard; name = Base; path = Base.lproj/Main.storyboard; sourceTree = "<group>"; };
		E0B8A196202B8448005322E8 /* Assets.xcassets */ = {isa = PBXFileReference; lastKnownFileType = folder.assetcatalog; path = Assets.xcassets; sourceTree = "<group>"; };
		E0B8A199202B8448005322E8 /* Base */ = {isa = PBXFileReference; lastKnownFileType = file.storyboard; name = Base; path = Base.lproj/LaunchScreen.storyboard; sourceTree = "<group>"; };
		E0B8A19B202B8448005322E8 /* Info.plist */ = {isa = PBXFileReference; lastKnownFileType = text.plist.xml; path = Info.plist; sourceTree = "<group>"; };
		E0B8A1A0202B8449005322E8 /* HeuristicsTests.xctest */ = {isa = PBXFileReference; explicitFileType = wrapper.cfbundle; includeInIndex = 0; path = HeuristicsTests.xctest; sourceTree = BUILT_PRODUCTS_DIR; };
		E0B8A1A4202B8449005322E8 /* HeuristicsTests.swift */ = {isa = PBXFileReference; lastKnownFileType = sourcecode.swift; path = HeuristicsTests.swift; sourceTree = "<group>"; };
		E0B8A1A6202B8449005322E8 /* Info.plist */ = {isa = PBXFileReference; lastKnownFileType = text.plist.xml; path = Info.plist; sourceTree = "<group>"; };
		E0B8A1AB202B8449005322E8 /* HeuristicsUITests.xctest */ = {isa = PBXFileReference; explicitFileType = wrapper.cfbundle; includeInIndex = 0; path = HeuristicsUITests.xctest; sourceTree = BUILT_PRODUCTS_DIR; };
		E0B8A1AF202B8449005322E8 /* HeuristicsUITests.swift */ = {isa = PBXFileReference; lastKnownFileType = sourcecode.swift; path = HeuristicsUITests.swift; sourceTree = "<group>"; };
		E0B8A1B1202B8449005322E8 /* Info.plist */ = {isa = PBXFileReference; lastKnownFileType = text.plist.xml; path = Info.plist; sourceTree = "<group>"; };
		E0B8A1C0202B8A05005322E8 /* Utilities.swift */ = {isa = PBXFileReference; fileEncoding = 4; lastKnownFileType = sourcecode.swift; path = Utilities.swift; sourceTree = "<group>"; };
		E0B8A1C5202B8A7C005322E8 /* Gate.storyboard */ = {isa = PBXFileReference; fileEncoding = 4; lastKnownFileType = file.storyboard; path = Gate.storyboard; sourceTree = "<group>"; };
		E0B8A1C8202B9653005322E8 /* Montserrat-LightItalic.ttf */ = {isa = PBXFileReference; lastKnownFileType = file; path = "Montserrat-LightItalic.ttf"; sourceTree = "<group>"; };
		E0B8A1C9202B9653005322E8 /* Montserrat-Medium.ttf */ = {isa = PBXFileReference; lastKnownFileType = file; path = "Montserrat-Medium.ttf"; sourceTree = "<group>"; };
		E0B8A1CA202B9653005322E8 /* Montserrat-BoldItalic.ttf */ = {isa = PBXFileReference; lastKnownFileType = file; path = "Montserrat-BoldItalic.ttf"; sourceTree = "<group>"; };
		E0B8A1CB202B9653005322E8 /* Montserrat-Light.ttf */ = {isa = PBXFileReference; lastKnownFileType = file; path = "Montserrat-Light.ttf"; sourceTree = "<group>"; };
		E0B8A1CC202B9653005322E8 /* Montserrat-ThinItalic.ttf */ = {isa = PBXFileReference; lastKnownFileType = file; path = "Montserrat-ThinItalic.ttf"; sourceTree = "<group>"; };
		E0B8A1CD202B9653005322E8 /* Montserrat-ExtraLight.ttf */ = {isa = PBXFileReference; lastKnownFileType = file; path = "Montserrat-ExtraLight.ttf"; sourceTree = "<group>"; };
		E0B8A1CE202B9653005322E8 /* Montserrat-Thin.ttf */ = {isa = PBXFileReference; lastKnownFileType = file; path = "Montserrat-Thin.ttf"; sourceTree = "<group>"; };
		E0B8A1CF202B9654005322E8 /* Montserrat-Bold.ttf */ = {isa = PBXFileReference; lastKnownFileType = file; path = "Montserrat-Bold.ttf"; sourceTree = "<group>"; };
		E0B8A1D0202B9654005322E8 /* Montserrat-MediumItalic.ttf */ = {isa = PBXFileReference; lastKnownFileType = file; path = "Montserrat-MediumItalic.ttf"; sourceTree = "<group>"; };
		E0B8A1D1202B9654005322E8 /* Montserrat-BlackItalic.ttf */ = {isa = PBXFileReference; lastKnownFileType = file; path = "Montserrat-BlackItalic.ttf"; sourceTree = "<group>"; };
		E0B8A1D2202B9654005322E8 /* Montserrat-SemiBold.ttf */ = {isa = PBXFileReference; lastKnownFileType = file; path = "Montserrat-SemiBold.ttf"; sourceTree = "<group>"; };
		E0B8A1D3202B9654005322E8 /* Montserrat-ExtraLightItalic.ttf */ = {isa = PBXFileReference; lastKnownFileType = file; path = "Montserrat-ExtraLightItalic.ttf"; sourceTree = "<group>"; };
		E0B8A1D4202B9654005322E8 /* Montserrat-ExtraBold.ttf */ = {isa = PBXFileReference; lastKnownFileType = file; path = "Montserrat-ExtraBold.ttf"; sourceTree = "<group>"; };
		E0B8A1D5202B9654005322E8 /* Montserrat-Black.ttf */ = {isa = PBXFileReference; lastKnownFileType = file; path = "Montserrat-Black.ttf"; sourceTree = "<group>"; };
		E0B8A1D6202B9654005322E8 /* Montserrat-Regular.ttf */ = {isa = PBXFileReference; lastKnownFileType = file; path = "Montserrat-Regular.ttf"; sourceTree = "<group>"; };
		E0B8A1D7202B9654005322E8 /* Montserrat-Italic.ttf */ = {isa = PBXFileReference; lastKnownFileType = file; path = "Montserrat-Italic.ttf"; sourceTree = "<group>"; };
		E0B8A1D8202B9654005322E8 /* Montserrat-SemiBoldItalic.ttf */ = {isa = PBXFileReference; lastKnownFileType = file; path = "Montserrat-SemiBoldItalic.ttf"; sourceTree = "<group>"; };
		E0B8A1D9202B9654005322E8 /* Montserrat-ExtraBoldItalic.ttf */ = {isa = PBXFileReference; lastKnownFileType = file; path = "Montserrat-ExtraBoldItalic.ttf"; sourceTree = "<group>"; };
		E0B8A1EE202B976E005322E8 /* UIColor.swift */ = {isa = PBXFileReference; fileEncoding = 4; lastKnownFileType = sourcecode.swift; path = UIColor.swift; sourceTree = "<group>"; };
		E0B8A1F1202BA1DE005322E8 /* GradientBackground.swift */ = {isa = PBXFileReference; fileEncoding = 4; lastKnownFileType = sourcecode.swift; path = GradientBackground.swift; sourceTree = "<group>"; };
		E0B8A1F3202BA5DF005322E8 /* DesignableViews.swift */ = {isa = PBXFileReference; fileEncoding = 4; lastKnownFileType = sourcecode.swift; path = DesignableViews.swift; sourceTree = "<group>"; };
		E0B8A1F5202BACB3005322E8 /* LandingViewController.swift */ = {isa = PBXFileReference; fileEncoding = 4; lastKnownFileType = sourcecode.swift; path = LandingViewController.swift; sourceTree = "<group>"; };
		E0B8A1F7202BD0F8005322E8 /* SigninViewController.swift */ = {isa = PBXFileReference; fileEncoding = 4; lastKnownFileType = sourcecode.swift; path = SigninViewController.swift; sourceTree = "<group>"; };
		E0B8A1F9202BD110005322E8 /* SignupViewController.swift */ = {isa = PBXFileReference; fileEncoding = 4; lastKnownFileType = sourcecode.swift; path = SignupViewController.swift; sourceTree = "<group>"; };
		E0B8A1FC202BD326005322E8 /* HomeViewController.swift */ = {isa = PBXFileReference; fileEncoding = 4; lastKnownFileType = sourcecode.swift; path = HomeViewController.swift; sourceTree = "<group>"; };
		E0B8A1FD202BD326005322E8 /* HomeViewController.xib */ = {isa = PBXFileReference; fileEncoding = 4; lastKnownFileType = file.xib; path = HomeViewController.xib; sourceTree = "<group>"; };
		EB6885D72313E01658EB99C8 /* Pods-Heuristics.release.xcconfig */ = {isa = PBXFileReference; includeInIndex = 1; lastKnownFileType = text.xcconfig; name = "Pods-Heuristics.release.xcconfig"; path = "Pods/Target Support Files/Pods-Heuristics/Pods-Heuristics.release.xcconfig"; sourceTree = "<group>"; };
/* End PBXFileReference section */

/* Begin PBXFrameworksBuildPhase section */
		E0B8A189202B8448005322E8 /* Frameworks */ = {
			isa = PBXFrameworksBuildPhase;
			buildActionMask = 2147483647;
			files = (
				72FAF6FDBD6DA6A6EA1A3F7A /* Pods_Heuristics.framework in Frameworks */,
			);
			runOnlyForDeploymentPostprocessing = 0;
		};
		E0B8A19D202B8449005322E8 /* Frameworks */ = {
			isa = PBXFrameworksBuildPhase;
			buildActionMask = 2147483647;
			files = (
				D694955769257AF17DCA96F3 /* Pods_HeuristicsTests.framework in Frameworks */,
			);
			runOnlyForDeploymentPostprocessing = 0;
		};
		E0B8A1A8202B8449005322E8 /* Frameworks */ = {
			isa = PBXFrameworksBuildPhase;
			buildActionMask = 2147483647;
			files = (
				7C3ECCE81ED95CA43A2E0BEB /* Pods_HeuristicsUITests.framework in Frameworks */,
			);
			runOnlyForDeploymentPostprocessing = 0;
		};
/* End PBXFrameworksBuildPhase section */

/* Begin PBXGroup section */
		042B5F55203C1B3000139276 /* Chatting */ = {
			isa = PBXGroup;
			children = (
				042B5F52203C1B2700139276 /* ConversationsVC.swift */,
				042B5F51203C1B2700139276 /* ChatViewController.swift */,
			);
			path = Chatting;
			sourceTree = "<group>";
		};
		042B5F64203C477600139276 /* GeoMessages */ = {
			isa = PBXGroup;
			children = (
				042B5F5C203C3BED00139276 /* RemindersMapVC.swift */,
				042B5F67203C5BD700139276 /* GeoMessagesVC.swift */,
				042B5F60203C3CD700139276 /* AddGeotificationViewController.swift */,
				042B5F65203C4AE700139276 /* BrowseUsersVC.swift */,
			);
			path = GeoMessages;
			sourceTree = "<group>";
		};
		042B5F69203C62B000139276 /* Memories */ = {
			isa = PBXGroup;
			children = (
				04DDEBED2030734A006E636F /* MemoriesVC.swift */,
				0428F4F4203A3AFF009E0E5C /* AddMemoryVC.swift */,
			);
			path = Memories;
			sourceTree = "<group>";
		};
		04DDEBEC203072CC006E636F /* AhmedZaghloul */ = {
			isa = PBXGroup;
			children = (
				04DDEBFC20307573006E636F /* Views */,
				04DDEC0720309EFA006E636F /* Models */,
				04DDEC0C2030A067006E636F /* Controllers */,
				04DDEBF1203073C7006E636F /* Memories.storyboard */,
			);
			path = AhmedZaghloul;
			sourceTree = "<group>";
		};
		04DDEBFB2030755B006E636F /* ConnectionErrorView */ = {
			isa = PBXGroup;
			children = (
				04DDEBF720307554006E636F /* ConnectionErrorView.swift */,
				04DDEBF820307554006E636F /* ConnectionErrorView.xib */,
			);
			path = ConnectionErrorView;
			sourceTree = "<group>";
		};
		04DDEBFC20307573006E636F /* Views */ = {
			isa = PBXGroup;
			children = (
				04DDEBFB2030755B006E636F /* ConnectionErrorView */,
				04DDEBF3203074CB006E636F /* SearchFooter.swift */,
				04DDEBFF20307B52006E636F /* MemoryCell.swift */,
				042B5F5A203C1DE700139276 /* ReservationCell.swift */,
			);
			path = Views;
			sourceTree = "<group>";
		};
		04DDEC0720309EFA006E636F /* Models */ = {
			isa = PBXGroup;
			children = (
				042B5F58203C1DA500139276 /* User.swift */,
				042B5F56203C1D4800139276 /* Channel.swift */,
				04DDEC0A20309F24006E636F /* BaseModel.swift */,
				04DDEC0820309F0B006E636F /* Memory.swift */,
				042B5F5E203C3C8E00139276 /* Geotification.swift */,
			);
			path = Models;
			sourceTree = "<group>";
		};
		04DDEC0C2030A067006E636F /* Controllers */ = {
			isa = PBXGroup;
			children = (
				04DDEBF520307528006E636F /* BaseViewController.swift */,
				042B5F69203C62B000139276 /* Memories */,
				042B5F64203C477600139276 /* GeoMessages */,
				042B5F55203C1B3000139276 /* Chatting */,
			);
			path = Controllers;
			sourceTree = "<group>";
		};
		645961B744105997F383AE0E /* Pods */ = {
			isa = PBXGroup;
			children = (
				40531D7DC9D04968C5DA977D /* Pods-Heuristics.debug.xcconfig */,
				EB6885D72313E01658EB99C8 /* Pods-Heuristics.release.xcconfig */,
				85FB98D918C8A76E2166DD27 /* Pods-HeuristicsTests.debug.xcconfig */,
				6C73CC4A1D9F972EE8623ACD /* Pods-HeuristicsTests.release.xcconfig */,
				451CFD06B8034CC7EABA4174 /* Pods-HeuristicsUITests.debug.xcconfig */,
				0198802B353CD5EC1E08B7E3 /* Pods-HeuristicsUITests.release.xcconfig */,
			);
			name = Pods;
			sourceTree = "<group>";
		};
		9B72B82723E131604502CCDC /* Frameworks */ = {
			isa = PBXGroup;
			children = (
				67A23BE1A968E36342654F4B /* Pods_Heuristics.framework */,
				9A5D693D25A68F082BC0FB6E /* Pods_HeuristicsTests.framework */,
				DC6FE3E78468BF536B1A6407 /* Pods_HeuristicsUITests.framework */,
			);
			name = Frameworks;
			sourceTree = "<group>";
		};
		E05F825E202FB5D90090CC91 /* Followers and Following */ = {
			isa = PBXGroup;
			children = (
				E05F8260202FB6470090CC91 /* FollowViewController.swift */,
				E05F8261202FB6470090CC91 /* FollowViewController.xib */,
				E05F8268203041460090CC91 /* FollowTableViewCell.swift */,
				E05F8269203041460090CC91 /* FollowTableViewCell.xib */,
			);
			path = "Followers and Following";
			sourceTree = "<group>";
		};
		E05F825F202FB5E00090CC91 /* Profile */ = {
			isa = PBXGroup;
			children = (
				E05F8264202FB6630090CC91 /* ProfileViewController.swift */,
				E05F8265202FB6630090CC91 /* ProfileViewController.xib */,
			);
			path = Profile;
			sourceTree = "<group>";
		};
		E05F826C203052030090CC91 /* Edit Profile */ = {
			isa = PBXGroup;
			children = (
				E05F826D203052190090CC91 /* EditProfileViewController.swift */,
				E05F826E203052190090CC91 /* EditProfileViewController.xib */,
			);
			path = "Edit Profile";
			sourceTree = "<group>";
		};
		E05F8272203069260090CC91 /* Menu */ = {
			isa = PBXGroup;
			children = (
				E05F8273203069370090CC91 /* MenuViewController.swift */,
				E05F8274203069370090CC91 /* MenuViewController.xib */,
			);
			path = Menu;
			sourceTree = "<group>";
		};
		E0B8A183202B8448005322E8 = {
			isa = PBXGroup;
			children = (
				E0B8A18E202B8448005322E8 /* Heuristics */,
				E0B8A1A3202B8449005322E8 /* HeuristicsTests */,
				E0B8A1AE202B8449005322E8 /* HeuristicsUITests */,
				E0B8A18D202B8448005322E8 /* Products */,
				645961B744105997F383AE0E /* Pods */,
				9B72B82723E131604502CCDC /* Frameworks */,
			);
			sourceTree = "<group>";
		};
		E0B8A18D202B8448005322E8 /* Products */ = {
			isa = PBXGroup;
			children = (
				E0B8A18C202B8448005322E8 /* Heuristics.app */,
				E0B8A1A0202B8449005322E8 /* HeuristicsTests.xctest */,
				E0B8A1AB202B8449005322E8 /* HeuristicsUITests.xctest */,
			);
			name = Products;
			sourceTree = "<group>";
		};
		E0B8A18E202B8448005322E8 /* Heuristics */ = {
			isa = PBXGroup;
			children = (
				E0B8A1BD202B8909005322E8 /* Configuration */,
				E0B8A1BF202B8911005322E8 /* Scenes */,
				E0B8A18F202B8448005322E8 /* AppDelegate.swift */,
				E0B8A193202B8448005322E8 /* Main.storyboard */,
				E0B8A196202B8448005322E8 /* Assets.xcassets */,
				E0B8A198202B8448005322E8 /* LaunchScreen.storyboard */,
				042B5F62203C3F1700139276 /* TestLocations.gpx */,
				E0B8A19B202B8448005322E8 /* Info.plist */,
				04DDEC052030993C006E636F /* GoogleService-Info.plist */,
			);
			path = Heuristics;
			sourceTree = "<group>";
		};
		E0B8A1A3202B8449005322E8 /* HeuristicsTests */ = {
			isa = PBXGroup;
			children = (
				E0B8A1A4202B8449005322E8 /* HeuristicsTests.swift */,
				E0B8A1A6202B8449005322E8 /* Info.plist */,
			);
			path = HeuristicsTests;
			sourceTree = "<group>";
		};
		E0B8A1AE202B8449005322E8 /* HeuristicsUITests */ = {
			isa = PBXGroup;
			children = (
				E0B8A1AF202B8449005322E8 /* HeuristicsUITests.swift */,
				E0B8A1B1202B8449005322E8 /* Info.plist */,
			);
			path = HeuristicsUITests;
			sourceTree = "<group>";
		};
		E0B8A1BD202B8909005322E8 /* Configuration */ = {
			isa = PBXGroup;
			children = (
				E0B8A1ED202B9760005322E8 /* Extentions */,
				E0B8A1C7202B9653005322E8 /* fonts */,
				E0B8A1C0202B8A05005322E8 /* Utilities.swift */,
				E0B8A1F1202BA1DE005322E8 /* GradientBackground.swift */,
				E0B8A1F3202BA5DF005322E8 /* DesignableViews.swift */,
			);
			path = Configuration;
			sourceTree = "<group>";
		};
		E0B8A1BF202B8911005322E8 /* Scenes */ = {
			isa = PBXGroup;
			children = (
				E05F826C203052030090CC91 /* Edit Profile */,
				E05F825F202FB5E00090CC91 /* Profile */,
				E05F825E202FB5D90090CC91 /* Followers and Following */,
				E0B8A1C4202B8A56005322E8 /* Gate */,
				E0B8A1FB202BD2EA005322E8 /* Home */,
				04DDEBEC203072CC006E636F /* AhmedZaghloul */,
				E05F8272203069260090CC91 /* Menu */,
			);
			path = Scenes;
			sourceTree = "<group>";
		};
		E0B8A1C4202B8A56005322E8 /* Gate */ = {
			isa = PBXGroup;
			children = (
				E0B8A1C5202B8A7C005322E8 /* Gate.storyboard */,
				E0B8A1F5202BACB3005322E8 /* LandingViewController.swift */,
				E0B8A1F7202BD0F8005322E8 /* SigninViewController.swift */,
				E0B8A1F9202BD110005322E8 /* SignupViewController.swift */,
			);
			path = Gate;
			sourceTree = "<group>";
		};
		E0B8A1C7202B9653005322E8 /* fonts */ = {
			isa = PBXGroup;
			children = (
				E0B8A1C8202B9653005322E8 /* Montserrat-LightItalic.ttf */,
				E0B8A1C9202B9653005322E8 /* Montserrat-Medium.ttf */,
				E0B8A1CA202B9653005322E8 /* Montserrat-BoldItalic.ttf */,
				E0B8A1CB202B9653005322E8 /* Montserrat-Light.ttf */,
				E0B8A1CC202B9653005322E8 /* Montserrat-ThinItalic.ttf */,
				E0B8A1CD202B9653005322E8 /* Montserrat-ExtraLight.ttf */,
				E0B8A1CE202B9653005322E8 /* Montserrat-Thin.ttf */,
				E0B8A1CF202B9654005322E8 /* Montserrat-Bold.ttf */,
				E0B8A1D0202B9654005322E8 /* Montserrat-MediumItalic.ttf */,
				E0B8A1D1202B9654005322E8 /* Montserrat-BlackItalic.ttf */,
				E0B8A1D2202B9654005322E8 /* Montserrat-SemiBold.ttf */,
				E0B8A1D3202B9654005322E8 /* Montserrat-ExtraLightItalic.ttf */,
				E0B8A1D4202B9654005322E8 /* Montserrat-ExtraBold.ttf */,
				E0B8A1D5202B9654005322E8 /* Montserrat-Black.ttf */,
				E0B8A1D6202B9654005322E8 /* Montserrat-Regular.ttf */,
				E0B8A1D7202B9654005322E8 /* Montserrat-Italic.ttf */,
				E0B8A1D8202B9654005322E8 /* Montserrat-SemiBoldItalic.ttf */,
				E0B8A1D9202B9654005322E8 /* Montserrat-ExtraBoldItalic.ttf */,
			);
			path = fonts;
			sourceTree = "<group>";
		};
		E0B8A1ED202B9760005322E8 /* Extentions */ = {
			isa = PBXGroup;
			children = (
				E0B8A1EE202B976E005322E8 /* UIColor.swift */,
				04DDEBFD2030761A006E636F /* Extensions.swift */,
			);
			path = Extentions;
			sourceTree = "<group>";
		};
		E0B8A1FB202BD2EA005322E8 /* Home */ = {
			isa = PBXGroup;
			children = (
				E0B8A1FC202BD326005322E8 /* HomeViewController.swift */,
				E0B8A1FD202BD326005322E8 /* HomeViewController.xib */,
			);
			path = Home;
			sourceTree = "<group>";
		};
/* End PBXGroup section */

/* Begin PBXNativeTarget section */
		E0B8A18B202B8448005322E8 /* Heuristics */ = {
			isa = PBXNativeTarget;
			buildConfigurationList = E0B8A1B4202B8449005322E8 /* Build configuration list for PBXNativeTarget "Heuristics" */;
			buildPhases = (
				5CB7D867B3AE2F2C029792D4 /* [CP] Check Pods Manifest.lock */,
				E0B8A188202B8448005322E8 /* Sources */,
				E0B8A189202B8448005322E8 /* Frameworks */,
				E0B8A18A202B8448005322E8 /* Resources */,
				BE59CDC0B324C8E2AE63E935 /* [CP] Embed Pods Frameworks */,
				2A1AA285AB748752556B6792 /* [CP] Copy Pods Resources */,
			);
			buildRules = (
			);
			dependencies = (
			);
			name = Heuristics;
			productName = Heuristics;
			productReference = E0B8A18C202B8448005322E8 /* Heuristics.app */;
			productType = "com.apple.product-type.application";
		};
		E0B8A19F202B8449005322E8 /* HeuristicsTests */ = {
			isa = PBXNativeTarget;
			buildConfigurationList = E0B8A1B7202B8449005322E8 /* Build configuration list for PBXNativeTarget "HeuristicsTests" */;
			buildPhases = (
				EC8BABA1E706999818B9F256 /* [CP] Check Pods Manifest.lock */,
				E0B8A19C202B8449005322E8 /* Sources */,
				E0B8A19D202B8449005322E8 /* Frameworks */,
				E0B8A19E202B8449005322E8 /* Resources */,
				E8F52A1111ABA177D20EB351 /* [CP] Embed Pods Frameworks */,
				FDD29F70BDA0E6106100E3C2 /* [CP] Copy Pods Resources */,
			);
			buildRules = (
			);
			dependencies = (
				E0B8A1A2202B8449005322E8 /* PBXTargetDependency */,
			);
			name = HeuristicsTests;
			productName = HeuristicsTests;
			productReference = E0B8A1A0202B8449005322E8 /* HeuristicsTests.xctest */;
			productType = "com.apple.product-type.bundle.unit-test";
		};
		E0B8A1AA202B8449005322E8 /* HeuristicsUITests */ = {
			isa = PBXNativeTarget;
			buildConfigurationList = E0B8A1BA202B8449005322E8 /* Build configuration list for PBXNativeTarget "HeuristicsUITests" */;
			buildPhases = (
				3F13C36EB72BE8DA13EA9ED9 /* [CP] Check Pods Manifest.lock */,
				E0B8A1A7202B8449005322E8 /* Sources */,
				E0B8A1A8202B8449005322E8 /* Frameworks */,
				E0B8A1A9202B8449005322E8 /* Resources */,
				57ED852DE31B5AEC82DDBDBC /* [CP] Embed Pods Frameworks */,
				76620EE79E51190DB7BEE112 /* [CP] Copy Pods Resources */,
			);
			buildRules = (
			);
			dependencies = (
				E0B8A1AD202B8449005322E8 /* PBXTargetDependency */,
			);
			name = HeuristicsUITests;
			productName = HeuristicsUITests;
			productReference = E0B8A1AB202B8449005322E8 /* HeuristicsUITests.xctest */;
			productType = "com.apple.product-type.bundle.ui-testing";
		};
/* End PBXNativeTarget section */

/* Begin PBXProject section */
		E0B8A184202B8448005322E8 /* Project object */ = {
			isa = PBXProject;
			attributes = {
				LastSwiftUpdateCheck = 0830;
				LastUpgradeCheck = 0830;
				ORGANIZATIONNAME = "Heuristic Gang";
				TargetAttributes = {
					E0B8A18B202B8448005322E8 = {
						CreatedOnToolsVersion = 8.3.3;
						DevelopmentTeam = BU6QRW9YDR;
						ProvisioningStyle = Automatic;
					};
					E0B8A19F202B8449005322E8 = {
						CreatedOnToolsVersion = 8.3.3;
						ProvisioningStyle = Automatic;
						TestTargetID = E0B8A18B202B8448005322E8;
					};
					E0B8A1AA202B8449005322E8 = {
						CreatedOnToolsVersion = 8.3.3;
						ProvisioningStyle = Automatic;
						TestTargetID = E0B8A18B202B8448005322E8;
					};
				};
			};
			buildConfigurationList = E0B8A187202B8448005322E8 /* Build configuration list for PBXProject "Heuristics" */;
			compatibilityVersion = "Xcode 3.2";
			developmentRegion = English;
			hasScannedForEncodings = 0;
			knownRegions = (
				en,
				Base,
			);
			mainGroup = E0B8A183202B8448005322E8;
			productRefGroup = E0B8A18D202B8448005322E8 /* Products */;
			projectDirPath = "";
			projectRoot = "";
			targets = (
				E0B8A18B202B8448005322E8 /* Heuristics */,
				E0B8A19F202B8449005322E8 /* HeuristicsTests */,
				E0B8A1AA202B8449005322E8 /* HeuristicsUITests */,
			);
		};
/* End PBXProject section */

/* Begin PBXResourcesBuildPhase section */
		E0B8A18A202B8448005322E8 /* Resources */ = {
			isa = PBXResourcesBuildPhase;
			buildActionMask = 2147483647;
			files = (
				E0B8A1EA202B9654005322E8 /* Montserrat-SemiBoldItalic.ttf in Resources */,
				E0B8A1E6202B9654005322E8 /* Montserrat-ExtraBold.ttf in Resources */,
				E0B8A19A202B8448005322E8 /* LaunchScreen.storyboard in Resources */,
				04DDEBF2203073C7006E636F /* Memories.storyboard in Resources */,
				E0B8A1E3202B9654005322E8 /* Montserrat-BlackItalic.ttf in Resources */,
				04DDEBFA20307554006E636F /* ConnectionErrorView.xib in Resources */,
				E0B8A1E2202B9654005322E8 /* Montserrat-MediumItalic.ttf in Resources */,
				E0B8A1DC202B9654005322E8 /* Montserrat-BoldItalic.ttf in Resources */,
				E0B8A197202B8448005322E8 /* Assets.xcassets in Resources */,
				E0B8A195202B8448005322E8 /* Main.storyboard in Resources */,
				E0B8A1E8202B9654005322E8 /* Montserrat-Regular.ttf in Resources */,
				E0B8A1DD202B9654005322E8 /* Montserrat-Light.ttf in Resources */,
				E0B8A1DE202B9654005322E8 /* Montserrat-ThinItalic.ttf in Resources */,
				E0B8A1DA202B9654005322E8 /* Montserrat-LightItalic.ttf in Resources */,
				E05F826B203041460090CC91 /* FollowTableViewCell.xib in Resources */,
				E0B8A1E5202B9654005322E8 /* Montserrat-ExtraLightItalic.ttf in Resources */,
				E05F8267202FB6630090CC91 /* ProfileViewController.xib in Resources */,
				E0B8A1E4202B9654005322E8 /* Montserrat-SemiBold.ttf in Resources */,
				E0B8A1E0202B9654005322E8 /* Montserrat-Thin.ttf in Resources */,
				E05F8270203052190090CC91 /* EditProfileViewController.xib in Resources */,
				E0B8A1E1202B9654005322E8 /* Montserrat-Bold.ttf in Resources */,
				E05F8276203069370090CC91 /* MenuViewController.xib in Resources */,
				E0B8A1FF202BD326005322E8 /* HomeViewController.xib in Resources */,
				E0B8A1E9202B9654005322E8 /* Montserrat-Italic.ttf in Resources */,
				E0B8A1DB202B9654005322E8 /* Montserrat-Medium.ttf in Resources */,
				E05F8263202FB6480090CC91 /* FollowViewController.xib in Resources */,
				042B5F63203C3F1700139276 /* TestLocations.gpx in Resources */,
				E0B8A1C6202B8A7C005322E8 /* Gate.storyboard in Resources */,
				04DDEC062030993C006E636F /* GoogleService-Info.plist in Resources */,
				E0B8A1DF202B9654005322E8 /* Montserrat-ExtraLight.ttf in Resources */,
				E0B8A1E7202B9654005322E8 /* Montserrat-Black.ttf in Resources */,
				E0B8A1EB202B9654005322E8 /* Montserrat-ExtraBoldItalic.ttf in Resources */,
			);
			runOnlyForDeploymentPostprocessing = 0;
		};
		E0B8A19E202B8449005322E8 /* Resources */ = {
			isa = PBXResourcesBuildPhase;
			buildActionMask = 2147483647;
			files = (
			);
			runOnlyForDeploymentPostprocessing = 0;
		};
		E0B8A1A9202B8449005322E8 /* Resources */ = {
			isa = PBXResourcesBuildPhase;
			buildActionMask = 2147483647;
			files = (
			);
			runOnlyForDeploymentPostprocessing = 0;
		};
/* End PBXResourcesBuildPhase section */

/* Begin PBXShellScriptBuildPhase section */
		2A1AA285AB748752556B6792 /* [CP] Copy Pods Resources */ = {
			isa = PBXShellScriptBuildPhase;
			buildActionMask = 2147483647;
			files = (
			);
			inputPaths = (
			);
			name = "[CP] Copy Pods Resources";
			outputPaths = (
			);
			runOnlyForDeploymentPostprocessing = 0;
			shellPath = /bin/sh;
			shellScript = "\"${SRCROOT}/Pods/Target Support Files/Pods-Heuristics/Pods-Heuristics-resources.sh\"\n";
			showEnvVarsInLog = 0;
		};
		3F13C36EB72BE8DA13EA9ED9 /* [CP] Check Pods Manifest.lock */ = {
			isa = PBXShellScriptBuildPhase;
			buildActionMask = 2147483647;
			files = (
			);
			inputPaths = (
				"${PODS_PODFILE_DIR_PATH}/Podfile.lock",
				"${PODS_ROOT}/Manifest.lock",
			);
			name = "[CP] Check Pods Manifest.lock";
			outputPaths = (
				"$(DERIVED_FILE_DIR)/Pods-HeuristicsUITests-checkManifestLockResult.txt",
			);
			runOnlyForDeploymentPostprocessing = 0;
			shellPath = /bin/sh;
			shellScript = "diff \"${PODS_PODFILE_DIR_PATH}/Podfile.lock\" \"${PODS_ROOT}/Manifest.lock\" > /dev/null\nif [ $? != 0 ] ; then\n    # print error to STDERR\n    echo \"error: The sandbox is not in sync with the Podfile.lock. Run 'pod install' or update your CocoaPods installation.\" >&2\n    exit 1\nfi\n# This output is used by Xcode 'outputs' to avoid re-running this script phase.\necho \"SUCCESS\" > \"${SCRIPT_OUTPUT_FILE_0}\"\n";
			showEnvVarsInLog = 0;
		};
		57ED852DE31B5AEC82DDBDBC /* [CP] Embed Pods Frameworks */ = {
			isa = PBXShellScriptBuildPhase;
			buildActionMask = 2147483647;
			files = (
			);
			inputPaths = (
			);
			name = "[CP] Embed Pods Frameworks";
			outputPaths = (
			);
			runOnlyForDeploymentPostprocessing = 0;
			shellPath = /bin/sh;
			shellScript = "\"${SRCROOT}/Pods/Target Support Files/Pods-HeuristicsUITests/Pods-HeuristicsUITests-frameworks.sh\"\n";
			showEnvVarsInLog = 0;
		};
		5CB7D867B3AE2F2C029792D4 /* [CP] Check Pods Manifest.lock */ = {
			isa = PBXShellScriptBuildPhase;
			buildActionMask = 2147483647;
			files = (
			);
			inputPaths = (
				"${PODS_PODFILE_DIR_PATH}/Podfile.lock",
				"${PODS_ROOT}/Manifest.lock",
			);
			name = "[CP] Check Pods Manifest.lock";
			outputPaths = (
				"$(DERIVED_FILE_DIR)/Pods-Heuristics-checkManifestLockResult.txt",
			);
			runOnlyForDeploymentPostprocessing = 0;
			shellPath = /bin/sh;
			shellScript = "diff \"${PODS_PODFILE_DIR_PATH}/Podfile.lock\" \"${PODS_ROOT}/Manifest.lock\" > /dev/null\nif [ $? != 0 ] ; then\n    # print error to STDERR\n    echo \"error: The sandbox is not in sync with the Podfile.lock. Run 'pod install' or update your CocoaPods installation.\" >&2\n    exit 1\nfi\n# This output is used by Xcode 'outputs' to avoid re-running this script phase.\necho \"SUCCESS\" > \"${SCRIPT_OUTPUT_FILE_0}\"\n";
			showEnvVarsInLog = 0;
		};
		76620EE79E51190DB7BEE112 /* [CP] Copy Pods Resources */ = {
			isa = PBXShellScriptBuildPhase;
			buildActionMask = 2147483647;
			files = (
			);
			inputPaths = (
			);
			name = "[CP] Copy Pods Resources";
			outputPaths = (
			);
			runOnlyForDeploymentPostprocessing = 0;
			shellPath = /bin/sh;
			shellScript = "\"${SRCROOT}/Pods/Target Support Files/Pods-HeuristicsUITests/Pods-HeuristicsUITests-resources.sh\"\n";
			showEnvVarsInLog = 0;
		};
		BE59CDC0B324C8E2AE63E935 /* [CP] Embed Pods Frameworks */ = {
			isa = PBXShellScriptBuildPhase;
			buildActionMask = 2147483647;
			files = (
			);
			inputPaths = (
				"${SRCROOT}/Pods/Target Support Files/Pods-Heuristics/Pods-Heuristics-frameworks.sh",
				"${BUILT_PRODUCTS_DIR}/GTMSessionFetcher/GTMSessionFetcher.framework",
				"${BUILT_PRODUCTS_DIR}/GoogleToolboxForMac/GoogleToolboxForMac.framework",
				"${BUILT_PRODUCTS_DIR}/IQKeyboardManagerSwift/IQKeyboardManagerSwift.framework",
				"${BUILT_PRODUCTS_DIR}/JSQMessagesViewController/JSQMessagesViewController.framework",
				"${BUILT_PRODUCTS_DIR}/JSQSystemSoundPlayer/JSQSystemSoundPlayer.framework",
				"${BUILT_PRODUCTS_DIR}/Kingfisher/Kingfisher.framework",
				"${BUILT_PRODUCTS_DIR}/leveldb-library/leveldb.framework",
				"${BUILT_PRODUCTS_DIR}/nanopb/nanopb.framework",
			);
			name = "[CP] Embed Pods Frameworks";
			outputPaths = (
				"${TARGET_BUILD_DIR}/${FRAMEWORKS_FOLDER_PATH}/GTMSessionFetcher.framework",
				"${TARGET_BUILD_DIR}/${FRAMEWORKS_FOLDER_PATH}/GoogleToolboxForMac.framework",
				"${TARGET_BUILD_DIR}/${FRAMEWORKS_FOLDER_PATH}/IQKeyboardManagerSwift.framework",
				"${TARGET_BUILD_DIR}/${FRAMEWORKS_FOLDER_PATH}/JSQMessagesViewController.framework",
				"${TARGET_BUILD_DIR}/${FRAMEWORKS_FOLDER_PATH}/JSQSystemSoundPlayer.framework",
				"${TARGET_BUILD_DIR}/${FRAMEWORKS_FOLDER_PATH}/Kingfisher.framework",
				"${TARGET_BUILD_DIR}/${FRAMEWORKS_FOLDER_PATH}/leveldb.framework",
				"${TARGET_BUILD_DIR}/${FRAMEWORKS_FOLDER_PATH}/nanopb.framework",
			);
			runOnlyForDeploymentPostprocessing = 0;
			shellPath = /bin/sh;
			shellScript = "\"${SRCROOT}/Pods/Target Support Files/Pods-Heuristics/Pods-Heuristics-frameworks.sh\"\n";
			showEnvVarsInLog = 0;
		};
		E8F52A1111ABA177D20EB351 /* [CP] Embed Pods Frameworks */ = {
			isa = PBXShellScriptBuildPhase;
			buildActionMask = 2147483647;
			files = (
			);
			inputPaths = (
			);
			name = "[CP] Embed Pods Frameworks";
			outputPaths = (
			);
			runOnlyForDeploymentPostprocessing = 0;
			shellPath = /bin/sh;
			shellScript = "\"${SRCROOT}/Pods/Target Support Files/Pods-HeuristicsTests/Pods-HeuristicsTests-frameworks.sh\"\n";
			showEnvVarsInLog = 0;
		};
		EC8BABA1E706999818B9F256 /* [CP] Check Pods Manifest.lock */ = {
			isa = PBXShellScriptBuildPhase;
			buildActionMask = 2147483647;
			files = (
			);
			inputPaths = (
				"${PODS_PODFILE_DIR_PATH}/Podfile.lock",
				"${PODS_ROOT}/Manifest.lock",
			);
			name = "[CP] Check Pods Manifest.lock";
			outputPaths = (
				"$(DERIVED_FILE_DIR)/Pods-HeuristicsTests-checkManifestLockResult.txt",
			);
			runOnlyForDeploymentPostprocessing = 0;
			shellPath = /bin/sh;
			shellScript = "diff \"${PODS_PODFILE_DIR_PATH}/Podfile.lock\" \"${PODS_ROOT}/Manifest.lock\" > /dev/null\nif [ $? != 0 ] ; then\n    # print error to STDERR\n    echo \"error: The sandbox is not in sync with the Podfile.lock. Run 'pod install' or update your CocoaPods installation.\" >&2\n    exit 1\nfi\n# This output is used by Xcode 'outputs' to avoid re-running this script phase.\necho \"SUCCESS\" > \"${SCRIPT_OUTPUT_FILE_0}\"\n";
			showEnvVarsInLog = 0;
		};
		FDD29F70BDA0E6106100E3C2 /* [CP] Copy Pods Resources */ = {
			isa = PBXShellScriptBuildPhase;
			buildActionMask = 2147483647;
			files = (
			);
			inputPaths = (
			);
			name = "[CP] Copy Pods Resources";
			outputPaths = (
			);
			runOnlyForDeploymentPostprocessing = 0;
			shellPath = /bin/sh;
			shellScript = "\"${SRCROOT}/Pods/Target Support Files/Pods-HeuristicsTests/Pods-HeuristicsTests-resources.sh\"\n";
			showEnvVarsInLog = 0;
		};
/* End PBXShellScriptBuildPhase section */

/* Begin PBXSourcesBuildPhase section */
		E0B8A188202B8448005322E8 /* Sources */ = {
			isa = PBXSourcesBuildPhase;
			buildActionMask = 2147483647;
			files = (
				E05F8262202FB6470090CC91 /* FollowViewController.swift in Sources */,
				E05F8275203069370090CC91 /* MenuViewController.swift in Sources */,
				042B5F5B203C1DE700139276 /* ReservationCell.swift in Sources */,
				042B5F5F203C3C8E00139276 /* Geotification.swift in Sources */,
				E0B8A1FA202BD111005322E8 /* SignupViewController.swift in Sources */,
				042B5F57203C1D4800139276 /* Channel.swift in Sources */,
				E05F826A203041460090CC91 /* FollowTableViewCell.swift in Sources */,
				042B5F59203C1DA500139276 /* User.swift in Sources */,
				042B5F54203C1B2800139276 /* ConversationsVC.swift in Sources */,
				E0B8A1F2202BA1DE005322E8 /* GradientBackground.swift in Sources */,
				042B5F5D203C3BED00139276 /* RemindersMapVC.swift in Sources */,
				042B5F66203C4AE700139276 /* BrowseUsersVC.swift in Sources */,
				04DDEBF620307529006E636F /* BaseViewController.swift in Sources */,
				042B5F61203C3CD700139276 /* AddGeotificationViewController.swift in Sources */,
				04DDEBEF2030734A006E636F /* MemoriesVC.swift in Sources */,
				042B5F68203C5BD700139276 /* GeoMessagesVC.swift in Sources */,
				04DDEBF4203074CB006E636F /* SearchFooter.swift in Sources */,
				E0B8A1F6202BACB3005322E8 /* LandingViewController.swift in Sources */,
				E05F826F203052190090CC91 /* EditProfileViewController.swift in Sources */,
				042B5F53203C1B2800139276 /* ChatViewController.swift in Sources */,
				E0B8A1F4202BA5DF005322E8 /* DesignableViews.swift in Sources */,
				E05F8266202FB6630090CC91 /* ProfileViewController.swift in Sources */,
				E0B8A1FE202BD326005322E8 /* HomeViewController.swift in Sources */,
				0428F4F5203A3AFF009E0E5C /* AddMemoryVC.swift in Sources */,
				E0B8A1F8202BD0F8005322E8 /* SigninViewController.swift in Sources */,
				04DDEBFE2030761A006E636F /* Extensions.swift in Sources */,
				04DDEC0920309F0B006E636F /* Memory.swift in Sources */,
				04DDEC0020307B52006E636F /* MemoryCell.swift in Sources */,
				04DDEBF920307554006E636F /* ConnectionErrorView.swift in Sources */,
				E0B8A1EF202B976E005322E8 /* UIColor.swift in Sources */,
				E0B8A1C1202B8A05005322E8 /* Utilities.swift in Sources */,
				04DDEC0B20309F24006E636F /* BaseModel.swift in Sources */,
				E0B8A190202B8448005322E8 /* AppDelegate.swift in Sources */,
			);
			runOnlyForDeploymentPostprocessing = 0;
		};
		E0B8A19C202B8449005322E8 /* Sources */ = {
			isa = PBXSourcesBuildPhase;
			buildActionMask = 2147483647;
			files = (
				E0B8A1A5202B8449005322E8 /* HeuristicsTests.swift in Sources */,
			);
			runOnlyForDeploymentPostprocessing = 0;
		};
		E0B8A1A7202B8449005322E8 /* Sources */ = {
			isa = PBXSourcesBuildPhase;
			buildActionMask = 2147483647;
			files = (
				E0B8A1B0202B8449005322E8 /* HeuristicsUITests.swift in Sources */,
			);
			runOnlyForDeploymentPostprocessing = 0;
		};
/* End PBXSourcesBuildPhase section */

/* Begin PBXTargetDependency section */
		E0B8A1A2202B8449005322E8 /* PBXTargetDependency */ = {
			isa = PBXTargetDependency;
			target = E0B8A18B202B8448005322E8 /* Heuristics */;
			targetProxy = E0B8A1A1202B8449005322E8 /* PBXContainerItemProxy */;
		};
		E0B8A1AD202B8449005322E8 /* PBXTargetDependency */ = {
			isa = PBXTargetDependency;
			target = E0B8A18B202B8448005322E8 /* Heuristics */;
			targetProxy = E0B8A1AC202B8449005322E8 /* PBXContainerItemProxy */;
		};
/* End PBXTargetDependency section */

/* Begin PBXVariantGroup section */
		E0B8A193202B8448005322E8 /* Main.storyboard */ = {
			isa = PBXVariantGroup;
			children = (
				E0B8A194202B8448005322E8 /* Base */,
			);
			name = Main.storyboard;
			sourceTree = "<group>";
		};
		E0B8A198202B8448005322E8 /* LaunchScreen.storyboard */ = {
			isa = PBXVariantGroup;
			children = (
				E0B8A199202B8448005322E8 /* Base */,
			);
			name = LaunchScreen.storyboard;
			sourceTree = "<group>";
		};
/* End PBXVariantGroup section */

/* Begin XCBuildConfiguration section */
		E0B8A1B2202B8449005322E8 /* Debug */ = {
			isa = XCBuildConfiguration;
			buildSettings = {
				ALWAYS_SEARCH_USER_PATHS = NO;
				CLANG_ANALYZER_NONNULL = YES;
				CLANG_ANALYZER_NUMBER_OBJECT_CONVERSION = YES_AGGRESSIVE;
				CLANG_CXX_LANGUAGE_STANDARD = "gnu++0x";
				CLANG_CXX_LIBRARY = "libc++";
				CLANG_ENABLE_MODULES = YES;
				CLANG_ENABLE_OBJC_ARC = YES;
				CLANG_WARN_BOOL_CONVERSION = YES;
				CLANG_WARN_CONSTANT_CONVERSION = YES;
				CLANG_WARN_DIRECT_OBJC_ISA_USAGE = YES_ERROR;
				CLANG_WARN_DOCUMENTATION_COMMENTS = YES;
				CLANG_WARN_EMPTY_BODY = YES;
				CLANG_WARN_ENUM_CONVERSION = YES;
				CLANG_WARN_INFINITE_RECURSION = YES;
				CLANG_WARN_INT_CONVERSION = YES;
				CLANG_WARN_OBJC_ROOT_CLASS = YES_ERROR;
				CLANG_WARN_SUSPICIOUS_MOVE = YES;
				CLANG_WARN_UNREACHABLE_CODE = YES;
				CLANG_WARN__DUPLICATE_METHOD_MATCH = YES;
				"CODE_SIGN_IDENTITY[sdk=iphoneos*]" = "iPhone Developer";
				COPY_PHASE_STRIP = NO;
				DEBUG_INFORMATION_FORMAT = dwarf;
				ENABLE_STRICT_OBJC_MSGSEND = YES;
				ENABLE_TESTABILITY = YES;
				GCC_C_LANGUAGE_STANDARD = gnu99;
				GCC_DYNAMIC_NO_PIC = NO;
				GCC_NO_COMMON_BLOCKS = YES;
				GCC_OPTIMIZATION_LEVEL = 0;
				GCC_PREPROCESSOR_DEFINITIONS = (
					"DEBUG=1",
					"$(inherited)",
				);
				GCC_WARN_64_TO_32_BIT_CONVERSION = YES;
				GCC_WARN_ABOUT_RETURN_TYPE = YES_ERROR;
				GCC_WARN_UNDECLARED_SELECTOR = YES;
				GCC_WARN_UNINITIALIZED_AUTOS = YES_AGGRESSIVE;
				GCC_WARN_UNUSED_FUNCTION = YES;
				GCC_WARN_UNUSED_VARIABLE = YES;
				IPHONEOS_DEPLOYMENT_TARGET = 10.3;
				MTL_ENABLE_DEBUG_INFO = YES;
				ONLY_ACTIVE_ARCH = YES;
				SDKROOT = iphoneos;
				SWIFT_ACTIVE_COMPILATION_CONDITIONS = DEBUG;
				SWIFT_OPTIMIZATION_LEVEL = "-Onone";
				TARGETED_DEVICE_FAMILY = "1,2";
			};
			name = Debug;
		};
		E0B8A1B3202B8449005322E8 /* Release */ = {
			isa = XCBuildConfiguration;
			buildSettings = {
				ALWAYS_SEARCH_USER_PATHS = NO;
				CLANG_ANALYZER_NONNULL = YES;
				CLANG_ANALYZER_NUMBER_OBJECT_CONVERSION = YES_AGGRESSIVE;
				CLANG_CXX_LANGUAGE_STANDARD = "gnu++0x";
				CLANG_CXX_LIBRARY = "libc++";
				CLANG_ENABLE_MODULES = YES;
				CLANG_ENABLE_OBJC_ARC = YES;
				CLANG_WARN_BOOL_CONVERSION = YES;
				CLANG_WARN_CONSTANT_CONVERSION = YES;
				CLANG_WARN_DIRECT_OBJC_ISA_USAGE = YES_ERROR;
				CLANG_WARN_DOCUMENTATION_COMMENTS = YES;
				CLANG_WARN_EMPTY_BODY = YES;
				CLANG_WARN_ENUM_CONVERSION = YES;
				CLANG_WARN_INFINITE_RECURSION = YES;
				CLANG_WARN_INT_CONVERSION = YES;
				CLANG_WARN_OBJC_ROOT_CLASS = YES_ERROR;
				CLANG_WARN_SUSPICIOUS_MOVE = YES;
				CLANG_WARN_UNREACHABLE_CODE = YES;
				CLANG_WARN__DUPLICATE_METHOD_MATCH = YES;
				"CODE_SIGN_IDENTITY[sdk=iphoneos*]" = "iPhone Developer";
				COPY_PHASE_STRIP = NO;
				DEBUG_INFORMATION_FORMAT = "dwarf-with-dsym";
				ENABLE_NS_ASSERTIONS = NO;
				ENABLE_STRICT_OBJC_MSGSEND = YES;
				GCC_C_LANGUAGE_STANDARD = gnu99;
				GCC_NO_COMMON_BLOCKS = YES;
				GCC_WARN_64_TO_32_BIT_CONVERSION = YES;
				GCC_WARN_ABOUT_RETURN_TYPE = YES_ERROR;
				GCC_WARN_UNDECLARED_SELECTOR = YES;
				GCC_WARN_UNINITIALIZED_AUTOS = YES_AGGRESSIVE;
				GCC_WARN_UNUSED_FUNCTION = YES;
				GCC_WARN_UNUSED_VARIABLE = YES;
				IPHONEOS_DEPLOYMENT_TARGET = 10.3;
				MTL_ENABLE_DEBUG_INFO = NO;
				SDKROOT = iphoneos;
				SWIFT_OPTIMIZATION_LEVEL = "-Owholemodule";
				TARGETED_DEVICE_FAMILY = "1,2";
				VALIDATE_PRODUCT = YES;
			};
			name = Release;
		};
		E0B8A1B5202B8449005322E8 /* Debug */ = {
			isa = XCBuildConfiguration;
			baseConfigurationReference = 40531D7DC9D04968C5DA977D /* Pods-Heuristics.debug.xcconfig */;
			buildSettings = {
				ASSETCATALOG_COMPILER_APPICON_NAME = AppIcon;
				DEVELOPMENT_TEAM = BU6QRW9YDR;
				INFOPLIST_FILE = Heuristics/Info.plist;
				LD_RUNPATH_SEARCH_PATHS = "$(inherited) @executable_path/Frameworks";
				PRODUCT_BUNDLE_IDENTIFIER = com.HeuristicGang.Heuristics;
				PRODUCT_NAME = "$(TARGET_NAME)";
				SWIFT_VERSION = 3.0;
			};
			name = Debug;
		};
		E0B8A1B6202B8449005322E8 /* Release */ = {
			isa = XCBuildConfiguration;
			baseConfigurationReference = EB6885D72313E01658EB99C8 /* Pods-Heuristics.release.xcconfig */;
			buildSettings = {
				ASSETCATALOG_COMPILER_APPICON_NAME = AppIcon;
				DEVELOPMENT_TEAM = BU6QRW9YDR;
				INFOPLIST_FILE = Heuristics/Info.plist;
				LD_RUNPATH_SEARCH_PATHS = "$(inherited) @executable_path/Frameworks";
				PRODUCT_BUNDLE_IDENTIFIER = com.HeuristicGang.Heuristics;
				PRODUCT_NAME = "$(TARGET_NAME)";
				SWIFT_VERSION = 3.0;
			};
			name = Release;
		};
		E0B8A1B8202B8449005322E8 /* Debug */ = {
			isa = XCBuildConfiguration;
			baseConfigurationReference = 85FB98D918C8A76E2166DD27 /* Pods-HeuristicsTests.debug.xcconfig */;
			buildSettings = {
				ALWAYS_EMBED_SWIFT_STANDARD_LIBRARIES = YES;
				BUNDLE_LOADER = "$(TEST_HOST)";
				INFOPLIST_FILE = HeuristicsTests/Info.plist;
				LD_RUNPATH_SEARCH_PATHS = "$(inherited) @executable_path/Frameworks @loader_path/Frameworks";
				PRODUCT_BUNDLE_IDENTIFIER = com.HeuristicGang.HeuristicsTests;
				PRODUCT_NAME = "$(TARGET_NAME)";
				SWIFT_VERSION = 3.0;
				TEST_HOST = "$(BUILT_PRODUCTS_DIR)/Heuristics.app/Heuristics";
			};
			name = Debug;
		};
		E0B8A1B9202B8449005322E8 /* Release */ = {
			isa = XCBuildConfiguration;
			baseConfigurationReference = 6C73CC4A1D9F972EE8623ACD /* Pods-HeuristicsTests.release.xcconfig */;
			buildSettings = {
				ALWAYS_EMBED_SWIFT_STANDARD_LIBRARIES = YES;
				BUNDLE_LOADER = "$(TEST_HOST)";
				INFOPLIST_FILE = HeuristicsTests/Info.plist;
				LD_RUNPATH_SEARCH_PATHS = "$(inherited) @executable_path/Frameworks @loader_path/Frameworks";
				PRODUCT_BUNDLE_IDENTIFIER = com.HeuristicGang.HeuristicsTests;
				PRODUCT_NAME = "$(TARGET_NAME)";
				SWIFT_VERSION = 3.0;
				TEST_HOST = "$(BUILT_PRODUCTS_DIR)/Heuristics.app/Heuristics";
			};
			name = Release;
		};
		E0B8A1BB202B8449005322E8 /* Debug */ = {
			isa = XCBuildConfiguration;
			baseConfigurationReference = 451CFD06B8034CC7EABA4174 /* Pods-HeuristicsUITests.debug.xcconfig */;
			buildSettings = {
				ALWAYS_EMBED_SWIFT_STANDARD_LIBRARIES = YES;
				INFOPLIST_FILE = HeuristicsUITests/Info.plist;
				LD_RUNPATH_SEARCH_PATHS = "$(inherited) @executable_path/Frameworks @loader_path/Frameworks";
				PRODUCT_BUNDLE_IDENTIFIER = com.HeuristicGang.HeuristicsUITests;
				PRODUCT_NAME = "$(TARGET_NAME)";
				SWIFT_VERSION = 3.0;
				TEST_TARGET_NAME = Heuristics;
			};
			name = Debug;
		};
		E0B8A1BC202B8449005322E8 /* Release */ = {
			isa = XCBuildConfiguration;
			baseConfigurationReference = 0198802B353CD5EC1E08B7E3 /* Pods-HeuristicsUITests.release.xcconfig */;
			buildSettings = {
				ALWAYS_EMBED_SWIFT_STANDARD_LIBRARIES = YES;
				INFOPLIST_FILE = HeuristicsUITests/Info.plist;
				LD_RUNPATH_SEARCH_PATHS = "$(inherited) @executable_path/Frameworks @loader_path/Frameworks";
				PRODUCT_BUNDLE_IDENTIFIER = com.HeuristicGang.HeuristicsUITests;
				PRODUCT_NAME = "$(TARGET_NAME)";
				SWIFT_VERSION = 3.0;
				TEST_TARGET_NAME = Heuristics;
			};
			name = Release;
		};
/* End XCBuildConfiguration section */

/* Begin XCConfigurationList section */
		E0B8A187202B8448005322E8 /* Build configuration list for PBXProject "Heuristics" */ = {
			isa = XCConfigurationList;
			buildConfigurations = (
				E0B8A1B2202B8449005322E8 /* Debug */,
				E0B8A1B3202B8449005322E8 /* Release */,
			);
			defaultConfigurationIsVisible = 0;
			defaultConfigurationName = Release;
		};
		E0B8A1B4202B8449005322E8 /* Build configuration list for PBXNativeTarget "Heuristics" */ = {
			isa = XCConfigurationList;
			buildConfigurations = (
				E0B8A1B5202B8449005322E8 /* Debug */,
				E0B8A1B6202B8449005322E8 /* Release */,
			);
			defaultConfigurationIsVisible = 0;
			defaultConfigurationName = Release;
		};
		E0B8A1B7202B8449005322E8 /* Build configuration list for PBXNativeTarget "HeuristicsTests" */ = {
			isa = XCConfigurationList;
			buildConfigurations = (
				E0B8A1B8202B8449005322E8 /* Debug */,
				E0B8A1B9202B8449005322E8 /* Release */,
			);
			defaultConfigurationIsVisible = 0;
			defaultConfigurationName = Release;
		};
		E0B8A1BA202B8449005322E8 /* Build configuration list for PBXNativeTarget "HeuristicsUITests" */ = {
			isa = XCConfigurationList;
			buildConfigurations = (
				E0B8A1BB202B8449005322E8 /* Debug */,
				E0B8A1BC202B8449005322E8 /* Release */,
			);
			defaultConfigurationIsVisible = 0;
			defaultConfigurationName = Release;
		};
/* End XCConfigurationList section */
	};
	rootObject = E0B8A184202B8448005322E8 /* Project object */;
}
